// !$*UTF8*$!
{
	archiveVersion = 1;
	classes = {
	};
	objectVersion = 46;
	objects = {

/* Begin PBXBuildFile section */
		BB30940A1C86BC0B00B06821 /* main.swift in Sources */ = {isa = PBXBuildFile; fileRef = BB3094091C86BC0B00B06821 /* main.swift */; };
		BB3094191C86BC3700B06821 /* btmanager.swift in Sources */ = {isa = PBXBuildFile; fileRef = BB3094101C86BC3700B06821 /* btmanager.swift */; };
		BB30941A1C86BC3700B06821 /* constants.swift in Sources */ = {isa = PBXBuildFile; fileRef = BB3094111C86BC3700B06821 /* constants.swift */; };
		BB30941B1C86BC3700B06821 /* centraldelegate.swift in Sources */ = {isa = PBXBuildFile; fileRef = BB3094131C86BC3700B06821 /* centraldelegate.swift */; };
		BB30941C1C86BC3700B06821 /* peripheraldelegate.swift in Sources */ = {isa = PBXBuildFile; fileRef = BB3094141C86BC3700B06821 /* peripheraldelegate.swift */; };
		BB30941D1C86BC3700B06821 /* misc.swift in Sources */ = {isa = PBXBuildFile; fileRef = BB3094151C86BC3700B06821 /* misc.swift */; };
		BB30941E1C86BC3700B06821 /* centralresponder.swift in Sources */ = {isa = PBXBuildFile; fileRef = BB3094171C86BC3700B06821 /* centralresponder.swift */; };
		BB30941F1C86BC3700B06821 /* peripheralresponder.swift in Sources */ = {isa = PBXBuildFile; fileRef = BB3094181C86BC3700B06821 /* peripheralresponder.swift */; };
		BB3094241C86DF5700B06821 /* bluetooth.swift in Sources */ = {isa = PBXBuildFile; fileRef = BB3094231C86DF5700B06821 /* bluetooth.swift */; };
		BB3094271C8A3A3700B06821 /* datareader.swift in Sources */ = {isa = PBXBuildFile; fileRef = BB3094261C8A3A3700B06821 /* datareader.swift */; };
/* End PBXBuildFile section */

/* Begin PBXCopyFilesBuildPhase section */
		BB3094041C86BC0B00B06821 /* CopyFiles */ = {
			isa = PBXCopyFilesBuildPhase;
			buildActionMask = 2147483647;
			dstPath = /usr/share/man/man1/;
			dstSubfolderSpec = 0;
			files = (
			);
			runOnlyForDeploymentPostprocessing = 1;
		};
/* End PBXCopyFilesBuildPhase section */

/* Begin PBXFileReference section */
		BB3094061C86BC0B00B06821 /* BTDriver */ = {isa = PBXFileReference; explicitFileType = "compiled.mach-o.executable"; includeInIndex = 0; path = BTDriver; sourceTree = BUILT_PRODUCTS_DIR; };
		BB3094091C86BC0B00B06821 /* main.swift */ = {isa = PBXFileReference; lastKnownFileType = sourcecode.swift; path = main.swift; sourceTree = "<group>"; };
		BB3094101C86BC3700B06821 /* btmanager.swift */ = {isa = PBXFileReference; fileEncoding = 4; lastKnownFileType = sourcecode.swift; path = btmanager.swift; sourceTree = "<group>"; };
		BB3094111C86BC3700B06821 /* constants.swift */ = {isa = PBXFileReference; fileEncoding = 4; lastKnownFileType = sourcecode.swift; path = constants.swift; sourceTree = "<group>"; };
		BB3094131C86BC3700B06821 /* centraldelegate.swift */ = {isa = PBXFileReference; fileEncoding = 4; lastKnownFileType = sourcecode.swift; path = centraldelegate.swift; sourceTree = "<group>"; };
		BB3094141C86BC3700B06821 /* peripheraldelegate.swift */ = {isa = PBXFileReference; fileEncoding = 4; lastKnownFileType = sourcecode.swift; path = peripheraldelegate.swift; sourceTree = "<group>"; };
		BB3094151C86BC3700B06821 /* misc.swift */ = {isa = PBXFileReference; fileEncoding = 4; lastKnownFileType = sourcecode.swift; path = misc.swift; sourceTree = "<group>"; };
		BB3094171C86BC3700B06821 /* centralresponder.swift */ = {isa = PBXFileReference; fileEncoding = 4; lastKnownFileType = sourcecode.swift; path = centralresponder.swift; sourceTree = "<group>"; };
		BB3094181C86BC3700B06821 /* peripheralresponder.swift */ = {isa = PBXFileReference; fileEncoding = 4; lastKnownFileType = sourcecode.swift; path = peripheralresponder.swift; sourceTree = "<group>"; };
		BB3094231C86DF5700B06821 /* bluetooth.swift */ = {isa = PBXFileReference; fileEncoding = 4; lastKnownFileType = sourcecode.swift; path = bluetooth.swift; sourceTree = "<group>"; };
		BB3094261C8A3A3700B06821 /* datareader.swift */ = {isa = PBXFileReference; fileEncoding = 4; lastKnownFileType = sourcecode.swift; path = datareader.swift; sourceTree = "<group>"; };
/* End PBXFileReference section */

/* Begin PBXFrameworksBuildPhase section */
		BB3094031C86BC0B00B06821 /* Frameworks */ = {
			isa = PBXFrameworksBuildPhase;
			buildActionMask = 2147483647;
			files = (
			);
			runOnlyForDeploymentPostprocessing = 0;
		};
/* End PBXFrameworksBuildPhase section */

/* Begin PBXGroup section */
		BB3093FD1C86BC0B00B06821 = {
			isa = PBXGroup;
			children = (
				BB3094081C86BC0B00B06821 /* BTDriver */,
				BB3094071C86BC0B00B06821 /* Products */,
			);
			sourceTree = "<group>";
		};
		BB3094071C86BC0B00B06821 /* Products */ = {
			isa = PBXGroup;
			children = (
				BB3094061C86BC0B00B06821 /* BTDriver */,
			);
			name = Products;
			sourceTree = "<group>";
		};
		BB3094081C86BC0B00B06821 /* BTDriver */ = {
			isa = PBXGroup;
			children = (
				BB3094251C8A39DB00B06821 /* processors */,
				BB3094221C86DF2800B06821 /* models */,
				BB3094121C86BC3700B06821 /* delegates */,
				BB3094161C86BC3700B06821 /* protocols */,
				BB3094101C86BC3700B06821 /* btmanager.swift */,
				BB3094111C86BC3700B06821 /* constants.swift */,
				BB3094151C86BC3700B06821 /* misc.swift */,
				BB3094091C86BC0B00B06821 /* main.swift */,
			);
			path = BTDriver;
			sourceTree = "<group>";
		};
		BB3094121C86BC3700B06821 /* delegates */ = {
			isa = PBXGroup;
			children = (
				BB3094131C86BC3700B06821 /* centraldelegate.swift */,
				BB3094141C86BC3700B06821 /* peripheraldelegate.swift */,
			);
			path = delegates;
			sourceTree = "<group>";
		};
		BB3094161C86BC3700B06821 /* protocols */ = {
			isa = PBXGroup;
			children = (
				BB3094171C86BC3700B06821 /* centralresponder.swift */,
				BB3094181C86BC3700B06821 /* peripheralresponder.swift */,
			);
			path = protocols;
			sourceTree = "<group>";
		};
		BB3094221C86DF2800B06821 /* models */ = {
			isa = PBXGroup;
			children = (
				BB3094231C86DF5700B06821 /* bluetooth.swift */,
			);
			path = models;
			sourceTree = "<group>";
		};
		BB3094251C8A39DB00B06821 /* processors */ = {
			isa = PBXGroup;
			children = (
				BB3094261C8A3A3700B06821 /* datareader.swift */,
			);
			path = processors;
			sourceTree = "<group>";
		};
/* End PBXGroup section */

/* Begin PBXNativeTarget section */
		BB3094051C86BC0B00B06821 /* BTDriver */ = {
			isa = PBXNativeTarget;
			buildConfigurationList = BB30940D1C86BC0B00B06821 /* Build configuration list for PBXNativeTarget "BTDriver" */;
			buildPhases = (
				BB3094021C86BC0B00B06821 /* Sources */,
				BB3094031C86BC0B00B06821 /* Frameworks */,
				BB3094041C86BC0B00B06821 /* CopyFiles */,
			);
			buildRules = (
			);
			dependencies = (
			);
			name = BTDriver;
			productName = BTDriver;
			productReference = BB3094061C86BC0B00B06821 /* BTDriver */;
			productType = "com.apple.product-type.tool";
		};
/* End PBXNativeTarget section */

/* Begin PBXProject section */
		BB3093FE1C86BC0B00B06821 /* Project object */ = {
			isa = PBXProject;
			attributes = {
				LastSwiftUpdateCheck = 0720;
				LastUpgradeCheck = 0720;
				ORGANIZATIONNAME = "Alfred Cepeda";
				TargetAttributes = {
					BB3094051C86BC0B00B06821 = {
						CreatedOnToolsVersion = 7.2.1;
					};
				};
			};
			buildConfigurationList = BB3094011C86BC0B00B06821 /* Build configuration list for PBXProject "BTDriver" */;
			compatibilityVersion = "Xcode 3.2";
			developmentRegion = English;
			hasScannedForEncodings = 0;
			knownRegions = (
				en,
			);
			mainGroup = BB3093FD1C86BC0B00B06821;
			productRefGroup = BB3094071C86BC0B00B06821 /* Products */;
			projectDirPath = "";
			projectRoot = "";
			targets = (
				BB3094051C86BC0B00B06821 /* BTDriver */,
			);
		};
/* End PBXProject section */

/* Begin PBXSourcesBuildPhase section */
		BB3094021C86BC0B00B06821 /* Sources */ = {
			isa = PBXSourcesBuildPhase;
			buildActionMask = 2147483647;
			files = (
				BB3094271C8A3A3700B06821 /* datareader.swift in Sources */,
				BB30941B1C86BC3700B06821 /* centraldelegate.swift in Sources */,
				BB30941E1C86BC3700B06821 /* centralresponder.swift in Sources */,
				BB30941F1C86BC3700B06821 /* peripheralresponder.swift in Sources */,
				BB30940A1C86BC0B00B06821 /* main.swift in Sources */,
				BB3094241C86DF5700B06821 /* bluetooth.swift in Sources */,
				BB3094191C86BC3700B06821 /* btmanager.swift in Sources */,
				BB30941D1C86BC3700B06821 /* misc.swift in Sources */,
				BB30941A1C86BC3700B06821 /* constants.swift in Sources */,
				BB30941C1C86BC3700B06821 /* peripheraldelegate.swift in Sources */,
			);
			runOnlyForDeploymentPostprocessing = 0;
		};
/* End PBXSourcesBuildPhase section */

/* Begin XCBuildConfiguration section */
		BB30940B1C86BC0B00B06821 /* Debug */ = {
			isa = XCBuildConfiguration;
			buildSettings = {
				ALWAYS_SEARCH_USER_PATHS = NO;
				CLANG_CXX_LANGUAGE_STANDARD = "gnu++0x";
				CLANG_CXX_LIBRARY = "libc++";
				CLANG_ENABLE_MODULES = YES;
				CLANG_ENABLE_OBJC_ARC = YES;
				CLANG_WARN_BOOL_CONVERSION = YES;
				CLANG_WARN_CONSTANT_CONVERSION = YES;
				CLANG_WARN_DIRECT_OBJC_ISA_USAGE = YES_ERROR;
				CLANG_WARN_EMPTY_BODY = YES;
				CLANG_WARN_ENUM_CONVERSION = YES;
				CLANG_WARN_INT_CONVERSION = YES;
				CLANG_WARN_OBJC_ROOT_CLASS = YES_ERROR;
				CLANG_WARN_UNREACHABLE_CODE = YES;
				CLANG_WARN__DUPLICATE_METHOD_MATCH = YES;
				CODE_SIGN_IDENTITY = "-";
				COPY_PHASE_STRIP = NO;
				DEBUG_INFORMATION_FORMAT = dwarf;
				ENABLE_STRICT_OBJC_MSGSEND = YES;
				ENABLE_TESTABILITY = YES;
				GCC_C_LANGUAGE_STANDARD = gnu99;
				GCC_DYNAMIC_NO_PIC = NO;
				GCC_NO_COMMON_BLOCKS = YES;
				GCC_OPTIMIZATION_LEVEL = 0;
				GCC_PREPROCESSOR_DEFINITIONS = (
					"DEBUG=1",
					"$(inherited)",
				);
				GCC_WARN_64_TO_32_BIT_CONVERSION = YES;
				GCC_WARN_ABOUT_RETURN_TYPE = YES_ERROR;
				GCC_WARN_UNDECLARED_SELECTOR = YES;
				GCC_WARN_UNINITIALIZED_AUTOS = YES_AGGRESSIVE;
				GCC_WARN_UNUSED_FUNCTION = YES;
				GCC_WARN_UNUSED_VARIABLE = YES;
				MACOSX_DEPLOYMENT_TARGET = 10.10;
				MTL_ENABLE_DEBUG_INFO = YES;
				ONLY_ACTIVE_ARCH = YES;
				SDKROOT = macosx;
				SWIFT_OPTIMIZATION_LEVEL = "-Onone";
			};
			name = Debug;
		};
		BB30940C1C86BC0B00B06821 /* Release */ = {
			isa = XCBuildConfiguration;
			buildSettings = {
				ALWAYS_SEARCH_USER_PATHS = NO;
				CLANG_CXX_LANGUAGE_STANDARD = "gnu++0x";
				CLANG_CXX_LIBRARY = "libc++";
				CLANG_ENABLE_MODULES = YES;
				CLANG_ENABLE_OBJC_ARC = YES;
				CLANG_WARN_BOOL_CONVERSION = YES;
				CLANG_WARN_CONSTANT_CONVERSION = YES;
				CLANG_WARN_DIRECT_OBJC_ISA_USAGE = YES_ERROR;
				CLANG_WARN_EMPTY_BODY = YES;
				CLANG_WARN_ENUM_CONVERSION = YES;
				CLANG_WARN_INT_CONVERSION = YES;
				CLANG_WARN_OBJC_ROOT_CLASS = YES_ERROR;
				CLANG_WARN_UNREACHABLE_CODE = YES;
				CLANG_WARN__DUPLICATE_METHOD_MATCH = YES;
				CODE_SIGN_IDENTITY = "-";
				COPY_PHASE_STRIP = NO;
				DEBUG_INFORMATION_FORMAT = "dwarf-with-dsym";
				ENABLE_NS_ASSERTIONS = NO;
				ENABLE_STRICT_OBJC_MSGSEND = YES;
				GCC_C_LANGUAGE_STANDARD = gnu99;
				GCC_NO_COMMON_BLOCKS = YES;
				GCC_WARN_64_TO_32_BIT_CONVERSION = YES;
				GCC_WARN_ABOUT_RETURN_TYPE = YES_ERROR;
				GCC_WARN_UNDECLARED_SELECTOR = YES;
				GCC_WARN_UNINITIALIZED_AUTOS = YES_AGGRESSIVE;
				GCC_WARN_UNUSED_FUNCTION = YES;
				GCC_WARN_UNUSED_VARIABLE = YES;
				MACOSX_DEPLOYMENT_TARGET = 10.10;
				MTL_ENABLE_DEBUG_INFO = NO;
				SDKROOT = macosx;
			};
			name = Release;
		};
		BB30940E1C86BC0B00B06821 /* Debug */ = {
			isa = XCBuildConfiguration;
			buildSettings = {
				PRODUCT_NAME = "$(TARGET_NAME)";
			};
			name = Debug;
		};
		BB30940F1C86BC0B00B06821 /* Release */ = {
			isa = XCBuildConfiguration;
			buildSettings = {
				PRODUCT_NAME = "$(TARGET_NAME)";
			};
			name = Release;
		};
/* End XCBuildConfiguration section */

/* Begin XCConfigurationList section */
		BB3094011C86BC0B00B06821 /* Build configuration list for PBXProject "BTDriver" */ = {
			isa = XCConfigurationList;
			buildConfigurations = (
				BB30940B1C86BC0B00B06821 /* Debug */,
				BB30940C1C86BC0B00B06821 /* Release */,
			);
			defaultConfigurationIsVisible = 0;
			defaultConfigurationName = Release;
		};
		BB30940D1C86BC0B00B06821 /* Build configuration list for PBXNativeTarget "BTDriver" */ = {
			isa = XCConfigurationList;
			buildConfigurations = (
				BB30940E1C86BC0B00B06821 /* Debug */,
				BB30940F1C86BC0B00B06821 /* Release */,
			);
			defaultConfigurationIsVisible = 0;
			defaultConfigurationName = Release;
		};
/* End XCConfigurationList section */
	};
	rootObject = BB3093FE1C86BC0B00B06821 /* Project object */;
}
